
Microsoft Visual Studio Solution File, Format Version 12.00
# Visual Studio Version 16
VisualStudioVersion = 16.0.30804.86
MinimumVisualStudioVersion = 10.0.40219.1
Project("{9A19103F-16F7-4668-BE54-9A1E7A4F7556}") = "Kampintro", "Kampintro\Kampintro.csproj", "{81C5DAE7-CCBB-41DC-B042-249E53AB96E3}"
EndProject
Project("{9A19103F-16F7-4668-BE54-9A1E7A4F7556}") = "Donguler", "Donguler\Donguler.csproj", "{6D82FD97-F5CD-4969-8895-38B479A1ACD2}"
EndProject
Project("{9A19103F-16F7-4668-BE54-9A1E7A4F7556}") = "ClassIntro", "ClassIntro\ClassIntro.csproj", "{BE4B1B53-4314-4078-B774-AC2104C4FF2A}"
EndProject
Project("{9A19103F-16F7-4668-BE54-9A1E7A4F7556}") = "Methodlar", "Methodlar\Methodlar.csproj", "{9CBF1CE3-89F2-4398-87A8-ACA935E57625}"
EndProject
Project("{9A19103F-16F7-4668-BE54-9A1E7A4F7556}") = "Matematik", "Matematik\Matematik.csproj", "{8357AC51-2B26-4986-B7A1-6782805B2585}"
EndProject
Project("{9A19103F-16F7-4668-BE54-9A1E7A4F7556}") = "DegerVeReferansTipler", "DegerVeReferansTipler\DegerVeReferansTipler.csproj", "{1E4B02C6-6724-40A3-9962-ACAB9925DDDE}"
EndProject
Project("{9A19103F-16F7-4668-BE54-9A1E7A4F7556}") = "OOP1", "OOP1\OOP1.csproj", "{4849641E-CF16-477A-A64D-EE929E5977C2}"
EndProject
Project("{9A19103F-16F7-4668-BE54-9A1E7A4F7556}") = "Collection", "Collection\Collection.csproj", "{450BEEFE-8BBD-4F57-B98B-F6110C26A83A}"
EndProject
Project("{9A19103F-16F7-4668-BE54-9A1E7A4F7556}") = "GenericsIntro", "GenericsIntro\GenericsIntro.csproj", "{E4112688-869B-415A-8760-C3B200885BF2}"
EndProject
Project("{FAE04EC0-301F-11D3-BF4B-00C04F79EFBC}") = "OOP2", "OOP2\OOP2.csproj", "{FBDFCFC2-AFCC-4353-92AD-56FD86474ECF}"
EndProject
Project("{FAE04EC0-301F-11D3-BF4B-00C04F79EFBC}") = "OOP3", "OOP3\OOP3.csproj", "{8E1B911D-610E-4E8C-A9BB-0EFB90904B26}"
EndProject
Global
	GlobalSection(SolutionConfigurationPlatforms) = preSolution
		Debug|Any CPU = Debug|Any CPU
		Release|Any CPU = Release|Any CPU
	EndGlobalSection
	GlobalSection(ProjectConfigurationPlatforms) = postSolution
		{81C5DAE7-CCBB-41DC-B042-249E53AB96E3}.Debug|Any CPU.ActiveCfg = Debug|Any CPU
		{81C5DAE7-CCBB-41DC-B042-249E53AB96E3}.Debug|Any CPU.Build.0 = Debug|Any CPU
		{81C5DAE7-CCBB-41DC-B042-249E53AB96E3}.Release|Any CPU.ActiveCfg = Release|Any CPU
		{81C5DAE7-CCBB-41DC-B042-249E53AB96E3}.Release|Any CPU.Build.0 = Release|Any CPU
		{6D82FD97-F5CD-4969-8895-38B479A1ACD2}.Debug|Any CPU.ActiveCfg = Debug|Any CPU
		{6D82FD97-F5CD-4969-8895-38B479A1ACD2}.Debug|Any CPU.Build.0 = Debug|Any CPU
		{6D82FD97-F5CD-4969-8895-38B479A1ACD2}.Release|Any CPU.ActiveCfg = Release|Any CPU
		{6D82FD97-F5CD-4969-8895-38B479A1ACD2}.Release|Any CPU.Build.0 = Release|Any CPU
		{BE4B1B53-4314-4078-B774-AC2104C4FF2A}.Debug|Any CPU.ActiveCfg = Debug|Any CPU
		{BE4B1B53-4314-4078-B774-AC2104C4FF2A}.Debug|Any CPU.Build.0 = Debug|Any CPU
		{BE4B1B53-4314-4078-B774-AC2104C4FF2A}.Release|Any CPU.ActiveCfg = Release|Any CPU
		{BE4B1B53-4314-4078-B774-AC2104C4FF2A}.Release|Any CPU.Build.0 = Release|Any CPU
		{9CBF1CE3-89F2-4398-87A8-ACA935E57625}.Debug|Any CPU.ActiveCfg = Debug|Any CPU
		{9CBF1CE3-89F2-4398-87A8-ACA935E57625}.Debug|Any CPU.Build.0 = Debug|Any CPU
		{9CBF1CE3-89F2-4398-87A8-ACA935E57625}.Release|Any CPU.ActiveCfg = Release|Any CPU
		{9CBF1CE3-89F2-4398-87A8-ACA935E57625}.Release|Any CPU.Build.0 = Release|Any CPU
		{8357AC51-2B26-4986-B7A1-6782805B2585}.Debug|Any CPU.ActiveCfg = Debug|Any CPU
		{8357AC51-2B26-4986-B7A1-6782805B2585}.Debug|Any CPU.Build.0 = Debug|Any CPU
		{8357AC51-2B26-4986-B7A1-6782805B2585}.Release|Any CPU.ActiveCfg = Release|Any CPU
		{8357AC51-2B26-4986-B7A1-6782805B2585}.Release|Any CPU.Build.0 = Release|Any CPU
		{1E4B02C6-6724-40A3-9962-ACAB9925DDDE}.Debug|Any CPU.ActiveCfg = Debug|Any CPU
		{1E4B02C6-6724-40A3-9962-ACAB9925DDDE}.Debug|Any CPU.Build.0 = Debug|Any CPU
		{1E4B02C6-6724-40A3-9962-ACAB9925DDDE}.Release|Any CPU.ActiveCfg = Release|Any CPU
		{1E4B02C6-6724-40A3-9962-ACAB9925DDDE}.Release|Any CPU.Build.0 = Release|Any CPU
		{4849641E-CF16-477A-A64D-EE929E5977C2}.Debug|Any CPU.ActiveCfg = Debug|Any CPU
		{4849641E-CF16-477A-A64D-EE929E5977C2}.Debug|Any CPU.Build.0 = Debug|Any CPU
		{4849641E-CF16-477A-A64D-EE929E5977C2}.Release|Any CPU.ActiveCfg = Release|Any CPU
		{4849641E-CF16-477A-A64D-EE929E5977C2}.Release|Any CPU.Build.0 = Release|Any CPU
		{450BEEFE-8BBD-4F57-B98B-F6110C26A83A}.Debug|Any CPU.ActiveCfg = Debug|Any CPU
		{450BEEFE-8BBD-4F57-B98B-F6110C26A83A}.Debug|Any CPU.Build.0 = Debug|Any CPU
		{450BEEFE-8BBD-4F57-B98B-F6110C26A83A}.Release|Any CPU.ActiveCfg = Release|Any CPU
		{450BEEFE-8BBD-4F57-B98B-F6110C26A83A}.Release|Any CPU.Build.0 = Release|Any CPU
		{E4112688-869B-415A-8760-C3B200885BF2}.Debug|Any CPU.ActiveCfg = Debug|Any CPU
		{E4112688-869B-415A-8760-C3B200885BF2}.Debug|Any CPU.Build.0 = Debug|Any CPU
		{E4112688-869B-415A-8760-C3B200885BF2}.Release|Any CPU.ActiveCfg = Release|Any CPU
		{E4112688-869B-415A-8760-C3B200885BF2}.Release|Any CPU.Build.0 = Release|Any CPU
		{FBDFCFC2-AFCC-4353-92AD-56FD86474ECF}.Debug|Any CPU.ActiveCfg = Debug|Any CPU
		{FBDFCFC2-AFCC-4353-92AD-56FD86474ECF}.Debug|Any CPU.Build.0 = Debug|Any CPU
		{FBDFCFC2-AFCC-4353-92AD-56FD86474ECF}.Release|Any CPU.ActiveCfg = Release|Any CPU
		{FBDFCFC2-AFCC-4353-92AD-56FD86474ECF}.Release|Any CPU.Build.0 = Release|Any CPU
		{8E1B911D-610E-4E8C-A9BB-0EFB90904B26}.Debug|Any CPU.ActiveCfg = Debug|Any CPU
		{8E1B911D-610E-4E8C-A9BB-0EFB90904B26}.Debug|Any CPU.Build.0 = Debug|Any CPU
		{8E1B911D-610E-4E8C-A9BB-0EFB90904B26}.Release|Any CPU.ActiveCfg = Release|Any CPU
		{8E1B911D-610E-4E8C-A9BB-0EFB90904B26}.Release|Any CPU.Build.0 = Release|Any CPU
	EndGlobalSection
	GlobalSection(SolutionProperties) = preSolution
		HideSolutionNode = FALSE
	EndGlobalSection
	GlobalSection(ExtensibilityGlobals) = postSolution
		SolutionGuid = {67EDEE76-8A2C-42B4-8AB7-70C0BD86BE30}
	EndGlobalSection
EndGlobal
